# THIS IS AN AUTOGENERATED FILE. DO NOT EDIT THIS FILE DIRECTLY.
# yarn lockfile v1


antlr4ts-cli@^0.4.0-alpha.4:
  version "0.4.0-alpha.4"
  resolved "https://registry.yarnpkg.com/antlr4ts-cli/-/antlr4ts-cli-0.4.0-alpha.4.tgz#ab43073687b034f6a25b1f46a581bf79c6c28dd7"

antlr4ts@^0.4.1-alpha.0:
  version "0.4.1-alpha.0"
  resolved "https://registry.yarnpkg.com/antlr4ts/-/antlr4ts-0.4.1-alpha.0.tgz#ac5717f30f3efa3617b004e8ff4f860b9c7d4d20"

vscode-jsonrpc@^3.4.1:
  version "3.4.1"
  resolved "https://registry.yarnpkg.com/vscode-jsonrpc/-/vscode-jsonrpc-3.4.1.tgz#e2e0b9e121f71a2b5448058a34a3aef8376a5e91"

vscode-languageserver-protocol@^3.4.1:
  version "3.4.4"
  resolved "https://registry.yarnpkg.com/vscode-languageserver-protocol/-/vscode-languageserver-protocol-3.4.4.tgz#0387bb49bd0f805e9048c695997dbd430d6eca28"
  dependencies:
    vscode-jsonrpc "^3.4.1"
    vscode-languageserver-types "^3.4.0"

vscode-languageserver-types@^3.4.0:
  version "3.4.0"
  resolved "https://registry.yarnpkg.com/vscode-languageserver-types/-/vscode-languageserver-types-3.4.0.tgz#5043ae47ee4ac16af07bb3d0ca561235e0c0d2fa"

vscode-languageserver@^3.4.2:
  version "3.4.3"
  resolved "https://registry.yarnpkg.com/vscode-languageserver/-/vscode-languageserver-3.4.3.tgz#83fea96bc5e094549a0a5ce3ef76b53d7ad40508"
  dependencies:
    vscode-languageserver-protocol "^3.4.1"
    vscode-uri "^1.0.1"

vscode-uri@^1.0.1:
  version "1.0.1"
  resolved "https://registry.yarnpkg.com/vscode-uri/-/vscode-uri-1.0.1.tgz#11a86befeac3c4aa3ec08623651a3c81a6d0bbc8"
